
Microsoft Visual Studio Solution File, Format Version 12.00
# Visual Studio Version 16
VisualStudioVersion = 16.0.30413.136
MinimumVisualStudioVersion = 10.0.40219.1
Project("{9A19103F-16F7-4668-BE54-9A1E7A4F7556}") = "DatabaseFirstApproach", "DatabaseFirstApproach\DatabaseFirstApproach.csproj", "{61D7F1DC-7A14-4F11-9691-2F880842B215}"
EndProject
Global
	GlobalSection(SolutionConfigurationPlatforms) = preSolution
		Debug|Any CPU = Debug|Any CPU
		Release|Any CPU = Release|Any CPU
	EndGlobalSection
	GlobalSection(ProjectConfigurationPlatforms) = postSolution
		{61D7F1DC-7A14-4F11-9691-2F880842B215}.Debug|Any CPU.ActiveCfg = Debug|Any CPU
		{61D7F1DC-7A14-4F11-9691-2F880842B215}.Debug|Any CPU.Build.0 = Debug|Any CPU
		{61D7F1DC-7A14-4F11-9691-2F880842B215}.Release|Any CPU.ActiveCfg = Release|Any CPU
		{61D7F1DC-7A14-4F11-9691-2F880842B215}.Release|Any CPU.Build.0 = Release|Any CPU
	EndGlobalSection
	GlobalSection(SolutionProperties) = preSolution
		HideSolutionNode = FALSE
	EndGlobalSection
	GlobalSection(ExtensibilityGlobals) = postSolution
		SolutionGuid = {D0FFB112-31D6-4CF7-AAB8-D632DEB84E09}
	EndGlobalSection
EndGlobal
